
Microsoft Visual Studio Solution File, Format Version 12.00
# Visual Studio 15
VisualStudioVersion = 15.0.27004.2006
MinimumVisualStudioVersion = 10.0.40219.1
Project("{FAE04EC0-301F-11D3-BF4B-00C04F79EFBC}") = "BeverageAndDrink", "BeverageAndDrink\BeverageAndDrink.csproj", "{7AFBE2CE-13DD-4C73-9841-C0C8D9BE27B7}"
EndProject
Global
	GlobalSection(SolutionConfigurationPlatforms) = preSolution
		Debug|Any CPU = Debug|Any CPU
		Release|Any CPU = Release|Any CPU
	EndGlobalSection
	GlobalSection(ProjectConfigurationPlatforms) = postSolution
		{7AFBE2CE-13DD-4C73-9841-C0C8D9BE27B7}.Debug|Any CPU.ActiveCfg = Debug|Any CPU
		{7AFBE2CE-13DD-4C73-9841-C0C8D9BE27B7}.Debug|Any CPU.Build.0 = Debug|Any CPU
		{7AFBE2CE-13DD-4C73-9841-C0C8D9BE27B7}.Release|Any CPU.ActiveCfg = Release|Any CPU
		{7AFBE2CE-13DD-4C73-9841-C0C8D9BE27B7}.Release|Any CPU.Build.0 = Release|Any CPU
	EndGlobalSection
	GlobalSection(SolutionProperties) = preSolution
		HideSolutionNode = FALSE
	EndGlobalSection
	GlobalSection(ExtensibilityGlobals) = postSolution
		SolutionGuid = {1CF9A45D-7A44-4778-9DAA-5E15D75E8A06}
	EndGlobalSection
EndGlobal
